Microsoft Visual Studio Solution File, Format Version 12.00
# Visual Studio Version 17
VisualStudioVersion = 17.5.2.0
MinimumVisualStudioVersion = 10.0.40219.1
Project("{FAE04EC0-301F-11D3-BF4B-00C04F79EFBC}") = "dt191g_moment1.2", "dt191g_moment1.2.csproj", "{8A38BB74-B822-D2A3-2A27-162E7246EA00}"
EndProject
Global
	GlobalSection(SolutionConfigurationPlatforms) = preSolution
		Debug|Any CPU = Debug|Any CPU
		Release|Any CPU = Release|Any CPU
	EndGlobalSection
	GlobalSection(ProjectConfigurationPlatforms) = postSolution
		{8A38BB74-B822-D2A3-2A27-162E7246EA00}.Debug|Any CPU.ActiveCfg = Debug|Any CPU
		{8A38BB74-B822-D2A3-2A27-162E7246EA00}.Debug|Any CPU.Build.0 = Debug|Any CPU
		{8A38BB74-B822-D2A3-2A27-162E7246EA00}.Release|Any CPU.ActiveCfg = Release|Any CPU
		{8A38BB74-B822-D2A3-2A27-162E7246EA00}.Release|Any CPU.Build.0 = Release|Any CPU
	EndGlobalSection
	GlobalSection(SolutionProperties) = preSolution
		HideSolutionNode = FALSE
	EndGlobalSection
	GlobalSection(ExtensibilityGlobals) = postSolution
		SolutionGuid = {0468752B-01BE-426C-9021-F14286EE2489}
	EndGlobalSection
EndGlobal
